// !$*UTF8*$!
{
	archiveVersion = 1;
	classes = {
	};
	objectVersion = 50;
	objects = {

/* Begin PBXBuildFile section */
		990256CF2440EA20001F3290 /* DetailView.swift in Sources */ = {isa = PBXBuildFile; fileRef = 990256CE2440EA20001F3290 /* DetailView.swift */; };
		994A648D2440EE0700F0E596 /* WebView.swift in Sources */ = {isa = PBXBuildFile; fileRef = 994A648C2440EE0700F0E596 /* WebView.swift */; };
		996CF6992440C1930078CFF9 /* AppDelegate.swift in Sources */ = {isa = PBXBuildFile; fileRef = 996CF6982440C1930078CFF9 /* AppDelegate.swift */; };
		996CF69B2440C1930078CFF9 /* SceneDelegate.swift in Sources */ = {isa = PBXBuildFile; fileRef = 996CF69A2440C1930078CFF9 /* SceneDelegate.swift */; };
		996CF69D2440C1930078CFF9 /* ContentView.swift in Sources */ = {isa = PBXBuildFile; fileRef = 996CF69C2440C1930078CFF9 /* ContentView.swift */; };
		996CF69F2440C19F0078CFF9 /* Assets.xcassets in Resources */ = {isa = PBXBuildFile; fileRef = 996CF69E2440C19F0078CFF9 /* Assets.xcassets */; };
		996CF6A22440C19F0078CFF9 /* Preview Assets.xcassets in Resources */ = {isa = PBXBuildFile; fileRef = 996CF6A12440C19F0078CFF9 /* Preview Assets.xcassets */; };
		996CF6A52440C19F0078CFF9 /* LaunchScreen.storyboard in Resources */ = {isa = PBXBuildFile; fileRef = 996CF6A32440C19F0078CFF9 /* LaunchScreen.storyboard */; };
		996CF6AE2440D73D0078CFF9 /* NetworkManager.swift in Sources */ = {isa = PBXBuildFile; fileRef = 996CF6AD2440D73D0078CFF9 /* NetworkManager.swift */; };
		996CF6B12440D9B60078CFF9 /* Post.swift in Sources */ = {isa = PBXBuildFile; fileRef = 996CF6B02440D9B60078CFF9 /* Post.swift */; };
/* End PBXBuildFile section */

/* Begin PBXFileReference section */
		990256CE2440EA20001F3290 /* DetailView.swift */ = {isa = PBXFileReference; lastKnownFileType = sourcecode.swift; path = DetailView.swift; sourceTree = "<group>"; };
		994A648C2440EE0700F0E596 /* WebView.swift */ = {isa = PBXFileReference; lastKnownFileType = sourcecode.swift; path = WebView.swift; sourceTree = "<group>"; };
		994A648E2440F38E00F0E596 /* H4XOR.entitlements */ = {isa = PBXFileReference; lastKnownFileType = text.plist.entitlements; path = H4XOR.entitlements; sourceTree = "<group>"; };
		996CF6952440C1930078CFF9 /* H4XOR.app */ = {isa = PBXFileReference; explicitFileType = wrapper.application; includeInIndex = 0; path = H4XOR.app; sourceTree = BUILT_PRODUCTS_DIR; };
		996CF6982440C1930078CFF9 /* AppDelegate.swift */ = {isa = PBXFileReference; lastKnownFileType = sourcecode.swift; path = AppDelegate.swift; sourceTree = "<group>"; };
		996CF69A2440C1930078CFF9 /* SceneDelegate.swift */ = {isa = PBXFileReference; lastKnownFileType = sourcecode.swift; path = SceneDelegate.swift; sourceTree = "<group>"; };
		996CF69C2440C1930078CFF9 /* ContentView.swift */ = {isa = PBXFileReference; lastKnownFileType = sourcecode.swift; path = ContentView.swift; sourceTree = "<group>"; };
		996CF69E2440C19F0078CFF9 /* Assets.xcassets */ = {isa = PBXFileReference; lastKnownFileType = folder.assetcatalog; path = Assets.xcassets; sourceTree = "<group>"; };
		996CF6A12440C19F0078CFF9 /* Preview Assets.xcassets */ = {isa = PBXFileReference; lastKnownFileType = folder.assetcatalog; path = "Preview Assets.xcassets"; sourceTree = "<group>"; };
		996CF6A42440C19F0078CFF9 /* Base */ = {isa = PBXFileReference; lastKnownFileType = file.storyboard; name = Base; path = Base.lproj/LaunchScreen.storyboard; sourceTree = "<group>"; };
		996CF6A62440C19F0078CFF9 /* Info.plist */ = {isa = PBXFileReference; lastKnownFileType = text.plist.xml; path = Info.plist; sourceTree = "<group>"; };
		996CF6AD2440D73D0078CFF9 /* NetworkManager.swift */ = {isa = PBXFileReference; lastKnownFileType = sourcecode.swift; path = NetworkManager.swift; sourceTree = "<group>"; };
		996CF6B02440D9B60078CFF9 /* Post.swift */ = {isa = PBXFileReference; lastKnownFileType = sourcecode.swift; path = Post.swift; sourceTree = "<group>"; };
/* End PBXFileReference section */

/* Begin PBXFrameworksBuildPhase section */
		996CF6922440C1930078CFF9 /* Frameworks */ = {
			isa = PBXFrameworksBuildPhase;
			buildActionMask = 2147483647;
			files = (
			);
			runOnlyForDeploymentPostprocessing = 0;
		};
/* End PBXFrameworksBuildPhase section */

/* Begin PBXGroup section */
		996CF68C2440C1930078CFF9 = {
			isa = PBXGroup;
			children = (
				996CF6972440C1930078CFF9 /* H4XOR */,
				996CF6962440C1930078CFF9 /* Products */,
			);
			sourceTree = "<group>";
		};
		996CF6962440C1930078CFF9 /* Products */ = {
			isa = PBXGroup;
			children = (
				996CF6952440C1930078CFF9 /* H4XOR.app */,
			);
			name = Products;
			sourceTree = "<group>";
		};
		996CF6972440C1930078CFF9 /* H4XOR */ = {
			isa = PBXGroup;
			children = (
				994A648E2440F38E00F0E596 /* H4XOR.entitlements */,
				996CF6982440C1930078CFF9 /* AppDelegate.swift */,
				996CF69A2440C1930078CFF9 /* SceneDelegate.swift */,
				996CF6AF2440D7410078CFF9 /* Model */,
				996CF6AC2440D7160078CFF9 /* View */,
				996CF69E2440C19F0078CFF9 /* Assets.xcassets */,
				996CF6A32440C19F0078CFF9 /* LaunchScreen.storyboard */,
				996CF6A62440C19F0078CFF9 /* Info.plist */,
				996CF6A02440C19F0078CFF9 /* Preview Content */,
			);
			path = H4XOR;
			sourceTree = "<group>";
		};
		996CF6A02440C19F0078CFF9 /* Preview Content */ = {
			isa = PBXGroup;
			children = (
				996CF6A12440C19F0078CFF9 /* Preview Assets.xcassets */,
			);
			path = "Preview Content";
			sourceTree = "<group>";
		};
		996CF6AC2440D7160078CFF9 /* View */ = {
			isa = PBXGroup;
			children = (
				996CF69C2440C1930078CFF9 /* ContentView.swift */,
				990256CE2440EA20001F3290 /* DetailView.swift */,
				994A648C2440EE0700F0E596 /* WebView.swift */,
			);
			path = View;
			sourceTree = "<group>";
		};
		996CF6AF2440D7410078CFF9 /* Model */ = {
			isa = PBXGroup;
			children = (
				996CF6AD2440D73D0078CFF9 /* NetworkManager.swift */,
				996CF6B02440D9B60078CFF9 /* Post.swift */,
			);
			path = Model;
			sourceTree = "<group>";
		};
/* End PBXGroup section */

/* Begin PBXNativeTarget section */
		996CF6942440C1930078CFF9 /* H4XOR */ = {
			isa = PBXNativeTarget;
			buildConfigurationList = 996CF6A92440C19F0078CFF9 /* Build configuration list for PBXNativeTarget "H4XOR" */;
			buildPhases = (
				996CF6912440C1930078CFF9 /* Sources */,
				996CF6922440C1930078CFF9 /* Frameworks */,
				996CF6932440C1930078CFF9 /* Resources */,
			);
			buildRules = (
			);
			dependencies = (
			);
			name = H4XOR;
			productName = H4XOR;
			productReference = 996CF6952440C1930078CFF9 /* H4XOR.app */;
			productType = "com.apple.product-type.application";
		};
/* End PBXNativeTarget section */

/* Begin PBXProject section */
		996CF68D2440C1930078CFF9 /* Project object */ = {
			isa = PBXProject;
			attributes = {
				LastSwiftUpdateCheck = 1140;
				LastUpgradeCheck = 1140;
				ORGANIZATIONNAME = "Makwan BK";
				TargetAttributes = {
					996CF6942440C1930078CFF9 = {
						CreatedOnToolsVersion = 11.4;
					};
				};
			};
			buildConfigurationList = 996CF6902440C1930078CFF9 /* Build configuration list for PBXProject "H4XOR" */;
			compatibilityVersion = "Xcode 9.3";
			developmentRegion = en;
			hasScannedForEncodings = 0;
			knownRegions = (
				en,
				Base,
			);
			mainGroup = 996CF68C2440C1930078CFF9;
			productRefGroup = 996CF6962440C1930078CFF9 /* Products */;
			projectDirPath = "";
			projectRoot = "";
			targets = (
				996CF6942440C1930078CFF9 /* H4XOR */,
			);
		};
/* End PBXProject section */

/* Begin PBXResourcesBuildPhase section */
		996CF6932440C1930078CFF9 /* Resources */ = {
			isa = PBXResourcesBuildPhase;
			buildActionMask = 2147483647;
			files = (
				996CF6A52440C19F0078CFF9 /* LaunchScreen.storyboard in Resources */,
				996CF6A22440C19F0078CFF9 /* Preview Assets.xcassets in Resources */,
				996CF69F2440C19F0078CFF9 /* Assets.xcassets in Resources */,
			);
			runOnlyForDeploymentPostprocessing = 0;
		};
/* End PBXResourcesBuildPhase section */

/* Begin PBXSourcesBuildPhase section */
		996CF6912440C1930078CFF9 /* Sources */ = {
			isa = PBXSourcesBuildPhase;
			buildActionMask = 2147483647;
			files = (
				996CF6AE2440D73D0078CFF9 /* NetworkManager.swift in Sources */,
				990256CF2440EA20001F3290 /* DetailView.swift in Sources */,
				996CF6992440C1930078CFF9 /* AppDelegate.swift in Sources */,
				996CF69B2440C1930078CFF9 /* SceneDelegate.swift in Sources */,
				996CF69D2440C1930078CFF9 /* ContentView.swift in Sources */,
				996CF6B12440D9B60078CFF9 /* Post.swift in Sources */,
				994A648D2440EE0700F0E596 /* WebView.swift in Sources */,
			);
			runOnlyForDeploymentPostprocessing = 0;
		};
/* End PBXSourcesBuildPhase section */

/* Begin PBXVariantGroup section */
		996CF6A32440C19F0078CFF9 /* LaunchScreen.storyboard */ = {
			isa = PBXVariantGroup;
			children = (
				996CF6A42440C19F0078CFF9 /* Base */,
			);
			name = LaunchScreen.storyboard;
			sourceTree = "<group>";
		};
/* End PBXVariantGroup section */

/* Begin XCBuildConfiguration section */
		996CF6A72440C19F0078CFF9 /* Debug */ = {
			isa = XCBuildConfiguration;
			buildSettings = {
				ALWAYS_SEARCH_USER_PATHS = NO;
				CLANG_ANALYZER_NONNULL = YES;
				CLANG_ANALYZER_NUMBER_OBJECT_CONVERSION = YES_AGGRESSIVE;
				CLANG_CXX_LANGUAGE_STANDARD = "gnu++14";
				CLANG_CXX_LIBRARY = "libc++";
				CLANG_ENABLE_MODULES = YES;
				CLANG_ENABLE_OBJC_ARC = YES;
				CLANG_ENABLE_OBJC_WEAK = YES;
				CLANG_WARN_BLOCK_CAPTURE_AUTORELEASING = YES;
				CLANG_WARN_BOOL_CONVERSION = YES;
				CLANG_WARN_COMMA = YES;
				CLANG_WARN_CONSTANT_CONVERSION = YES;
				CLANG_WARN_DEPRECATED_OBJC_IMPLEMENTATIONS = YES;
				CLANG_WARN_DIRECT_OBJC_ISA_USAGE = YES_ERROR;
				CLANG_WARN_DOCUMENTATION_COMMENTS = YES;
				CLANG_WARN_EMPTY_BODY = YES;
				CLANG_WARN_ENUM_CONVERSION = YES;
				CLANG_WARN_INFINITE_RECURSION = YES;
				CLANG_WARN_INT_CONVERSION = YES;
				CLANG_WARN_NON_LITERAL_NULL_CONVERSION = YES;
				CLANG_WARN_OBJC_IMPLICIT_RETAIN_SELF = YES;
				CLANG_WARN_OBJC_LITERAL_CONVERSION = YES;
				CLANG_WARN_OBJC_ROOT_CLASS = YES_ERROR;
				CLANG_WARN_RANGE_LOOP_ANALYSIS = YES;
				CLANG_WARN_STRICT_PROTOTYPES = YES;
				CLANG_WARN_SUSPICIOUS_MOVE = YES;
				CLANG_WARN_UNGUARDED_AVAILABILITY = YES_AGGRESSIVE;
				CLANG_WARN_UNREACHABLE_CODE = YES;
				CLANG_WARN__DUPLICATE_METHOD_MATCH = YES;
				COPY_PHASE_STRIP = NO;
				DEBUG_INFORMATION_FORMAT = dwarf;
				ENABLE_STRICT_OBJC_MSGSEND = YES;
				ENABLE_TESTABILITY = YES;
				GCC_C_LANGUAGE_STANDARD = gnu11;
				GCC_DYNAMIC_NO_PIC = NO;
				GCC_NO_COMMON_BLOCKS = YES;
				GCC_OPTIMIZATION_LEVEL = 0;
				GCC_PREPROCESSOR_DEFINITIONS = (
					"DEBUG=1",
					"$(inherited)",
				);
				GCC_WARN_64_TO_32_BIT_CONVERSION = YES;
				GCC_WARN_ABOUT_RETURN_TYPE = YES_ERROR;
				GCC_WARN_UNDECLARED_SELECTOR = YES;
				GCC_WARN_UNINITIALIZED_AUTOS = YES_AGGRESSIVE;
				GCC_WARN_UNUSED_FUNCTION = YES;
				GCC_WARN_UNUSED_VARIABLE = YES;
				IPHONEOS_DEPLOYMENT_TARGET = 13.4;
				MTL_ENABLE_DEBUG_INFO = INCLUDE_SOURCE;
				MTL_FAST_MATH = YES;
				ONLY_ACTIVE_ARCH = YES;
				SDKROOT = iphoneos;
				SWIFT_ACTIVE_COMPILATION_CONDITIONS = DEBUG;
				SWIFT_OPTIMIZATION_LEVEL = "-Onone";
			};
			name = Debug;
		};
		996CF6A82440C19F0078CFF9 /* Release */ = {
			isa = XCBuildConfiguration;
			buildSettings = {
				ALWAYS_SEARCH_USER_PATHS = NO;
				CLANG_ANALYZER_NONNULL = YES;
				CLANG_ANALYZER_NUMBER_OBJECT_CONVERSION = YES_AGGRESSIVE;
				CLANG_CXX_LANGUAGE_STANDARD = "gnu++14";
				CLANG_CXX_LIBRARY = "libc++";
				CLANG_ENABLE_MODULES = YES;
				CLANG_ENABLE_OBJC_ARC = YES;
				CLANG_ENABLE_OBJC_WEAK = YES;
				CLANG_WARN_BLOCK_CAPTURE_AUTORELEASING = YES;
				CLANG_WARN_BOOL_CONVERSION = YES;
				CLANG_WARN_COMMA = YES;
				CLANG_WARN_CONSTANT_CONVERSION = YES;
				CLANG_WARN_DEPRECATED_OBJC_IMPLEMENTATIONS = YES;
				CLANG_WARN_DIRECT_OBJC_ISA_USAGE = YES_ERROR;
				CLANG_WARN_DOCUMENTATION_COMMENTS = YES;
				CLANG_WARN_EMPTY_BODY = YES;
				CLANG_WARN_ENUM_CONVERSION = YES;
				CLANG_WARN_INFINITE_RECURSION = YES;
				CLANG_WARN_INT_CONVERSION = YES;
				CLANG_WARN_NON_LITERAL_NULL_CONVERSION = YES;
				CLANG_WARN_OBJC_IMPLICIT_RETAIN_SELF = YES;
				CLANG_WARN_OBJC_LITERAL_CONVERSION = YES;
				CLANG_WARN_OBJC_ROOT_CLASS = YES_ERROR;
				CLANG_WARN_RANGE_LOOP_ANALYSIS = YES;
				CLANG_WARN_STRICT_PROTOTYPES = YES;
				CLANG_WARN_SUSPICIOUS_MOVE = YES;
				CLANG_WARN_UNGUARDED_AVAILABILITY = YES_AGGRESSIVE;
				CLANG_WARN_UNREACHABLE_CODE = YES;
				CLANG_WARN__DUPLICATE_METHOD_MATCH = YES;
				COPY_PHASE_STRIP = NO;
				DEBUG_INFORMATION_FORMAT = "dwarf-with-dsym";
				ENABLE_NS_ASSERTIONS = NO;
				ENABLE_STRICT_OBJC_MSGSEND = YES;
				GCC_C_LANGUAGE_STANDARD = gnu11;
				GCC_NO_COMMON_BLOCKS = YES;
				GCC_WARN_64_TO_32_BIT_CONVERSION = YES;
				GCC_WARN_ABOUT_RETURN_TYPE = YES_ERROR;
				GCC_WARN_UNDECLARED_SELECTOR = YES;
				GCC_WARN_UNINITIALIZED_AUTOS = YES_AGGRESSIVE;
				GCC_WARN_UNUSED_FUNCTION = YES;
				GCC_WARN_UNUSED_VARIABLE = YES;
				IPHONEOS_DEPLOYMENT_TARGET = 13.4;
				MTL_ENABLE_DEBUG_INFO = NO;
				MTL_FAST_MATH = YES;
				SDKROOT = iphoneos;
				SWIFT_COMPILATION_MODE = wholemodule;
				SWIFT_OPTIMIZATION_LEVEL = "-O";
				VALIDATE_PRODUCT = YES;
			};
			name = Release;
		};
		996CF6AA2440C19F0078CFF9 /* Debug */ = {
			isa = XCBuildConfiguration;
			buildSettings = {
				ASSETCATALOG_COMPILER_APPICON_NAME = AppIcon;
				CODE_SIGN_ENTITLEMENTS = H4XOR/H4XOR.entitlements;
				CODE_SIGN_STYLE = Automatic;
				DEVELOPMENT_ASSET_PATHS = "\"H4XOR/Preview Content\"";
				DEVELOPMENT_TEAM = 5Z5FL8L65S;
				ENABLE_PREVIEWS = YES;
				INFOPLIST_FILE = H4XOR/Info.plist;
				IPHONEOS_DEPLOYMENT_TARGET = 13.0;
				LD_RUNPATH_SEARCH_PATHS = (
					"$(inherited)",
					"@executable_path/Frameworks",
				);
				PRODUCT_BUNDLE_IDENTIFIER = net.kitn.H4XOR;
				PRODUCT_NAME = "$(TARGET_NAME)";
				SUPPORTS_MACCATALYST = YES;
				SWIFT_VERSION = 5.0;
				TARGETED_DEVICE_FAMILY = "1,2";
			};
			name = Debug;
		};
		996CF6AB2440C19F0078CFF9 /* Release */ = {
			isa = XCBuildConfiguration;
			buildSettings = {
				ASSETCATALOG_COMPILER_APPICON_NAME = AppIcon;
				CODE_SIGN_ENTITLEMENTS = H4XOR/H4XOR.entitlements;
				CODE_SIGN_STYLE = Automatic;
				DEVELOPMENT_ASSET_PATHS = "\"H4XOR/Preview Content\"";
				DEVELOPMENT_TEAM = 5Z5FL8L65S;
				ENABLE_PREVIEWS = YES;
				INFOPLIST_FILE = H4XOR/Info.plist;
				IPHONEOS_DEPLOYMENT_TARGET = 13.0;
				LD_RUNPATH_SEARCH_PATHS = (
					"$(inherited)",
					"@executable_path/Frameworks",
				);
				PRODUCT_BUNDLE_IDENTIFIER = net.kitn.H4XOR;
				PRODUCT_NAME = "$(TARGET_NAME)";
				SUPPORTS_MACCATALYST = YES;
				SWIFT_VERSION = 5.0;
				TARGETED_DEVICE_FAMILY = "1,2";
			};
			name = Release;
		};
/* End XCBuildConfiguration section */

/* Begin XCConfigurationList section */
		996CF6902440C1930078CFF9 /* Build configuration list for PBXProject "H4XOR" */ = {
			isa = XCConfigurationList;
			buildConfigurations = (
				996CF6A72440C19F0078CFF9 /* Debug */,
				996CF6A82440C19F0078CFF9 /* Release */,
			);
			defaultConfigurationIsVisible = 0;
			defaultConfigurationName = Release;
		};
		996CF6A92440C19F0078CFF9 /* Build configuration list for PBXNativeTarget "H4XOR" */ = {
			isa = XCConfigurationList;
			buildConfigurations = (
				996CF6AA2440C19F0078CFF9 /* Debug */,
				996CF6AB2440C19F0078CFF9 /* Release */,
			);
			defaultConfigurationIsVisible = 0;
			defaultConfigurationName = Release;
		};
/* End XCConfigurationList section */
	};
	rootObject = 996CF68D2440C1930078CFF9 /* Project object */;
}
